hash: 4327f53fe90411038ce42ea44d2b73bea24f27b470715d71268dc2c23acc55ee
updated: 2018-08-23T12:00:13.726703+07:00
imports:
- name: github.com/agl/ed25519
  version: 5312a61534124124185d41f09206b9fef1d88403
  subpackages:
  - edwards25519
  - extra25519
- name: github.com/btcsuite/btcd
  version: fdfc19097e7ac6b57035062056f5b7b4638b8898
  subpackages:
  - btcec
- name: github.com/coreos/go-semver
  version: e214231b295a8ea9479f11b70b35d5acf3556d9b
  subpackages:
  - semver
- name: github.com/davecgh/go-spew
  version: 346938d642f2ec3594ed81d874461961cd0faa76
  subpackages:
  - spew
- name: github.com/fd/go-nat
  version: bad65a492f32121a87197f4a085905c35e2a367e
- name: github.com/gogo/protobuf
  version: 8e3eb248683876964ce35ec1f6e0338dd9c93550
  subpackages:
  - io
  - proto
- name: github.com/golang/snappy
  version: 2e65f85255dbc3072edf28d6b5b8efc472979f5a
- name: github.com/google/uuid
  version: 064e2069ce9c359c118179501254f67d7d37ba24
- name: github.com/gorilla/websocket
  version: 5ed622c449da6d44c3c8329331ff47a9e5844f71
- name: github.com/gxed/eventfd
  version: 80a92cca79a8041496ccc9dd773fcb52a57ec6f9
- name: github.com/gxed/GoEndian
  version: 0f5c6873267e5abf306ffcdfcfa4bf77517ef4a7
- name: github.com/gxed/hashland
  version: d9f6b97f8db22dd1e090fd0bbbe98f09cc7dd0a8
  subpackages:
  - keccakpg
- name: github.com/huin/goupnp
  version: 1395d1447324cbea88d249fbfcfd70ea878fdfca
  subpackages:
  - dcps/internetgateway1
  - dcps/internetgateway2
  - httpu
  - scpd
  - soap
  - ssdp
- name: github.com/ipfs/go-log
  version: fbf5fb0559e4040cdf0d36651984eaad45e347f4
  subpackages:
  - tracer
  - tracer/wire
  - writer
- name: github.com/jackpal/gateway
  version: cbcf4e3f3baee7952fc386c8b2534af4d267c875
- name: github.com/jackpal/go-nat-pmp
  version: 28a68d0c24adce1da43f8df6a57340909ecd7fdd
- name: github.com/jbenet/go-temp-err-catcher
  version: aac704a3f4f27190b4ccc05f303a4931fd1241ff
- name: github.com/jbenet/goprocess
  version: b497e2f366b8624394fb2e89c10ab607bebdde0b
  subpackages:
  - context
  - periodic
  - ratelimit
- name: github.com/jessevdk/go-flags
  version: c6ca198ec95c841fdb89fc0de7496fed11ab854e
- name: github.com/libp2p/go-addr-util
  version: 26ae616f0dac754fff557513e984f930fbd88a92
- name: github.com/libp2p/go-conn-security
  version: 8253ac4922e0d48c857cb0bcccd52f9f4e8c2879
  subpackages:
  - insecure
- name: github.com/libp2p/go-conn-security-multistream
  version: 4e10ef6125f10736e3752274d80a2d9e78f96c0e
- name: github.com/libp2p/go-flow-metrics
  version: 3b3bcfcf78f2dc0e85be13ef3c3adc64cc5a9347
- name: github.com/libp2p/go-libp2p
  version: ab978fcf9dcf614300807c9f9003ce2fa7d504a3
  subpackages:
  - config
  - p2p/host/basic
  - p2p/protocol/identify
  - p2p/protocol/identify/pb
- name: github.com/libp2p/go-libp2p-circuit
  version: 2dd713bc37f7bff06b1d30e1dc5e2e0eb99474d3
  subpackages:
  - pb
- name: github.com/libp2p/go-libp2p-crypto
  version: c001d4630ea5fb20ba85b47b83dd28f0773c8d5a
  subpackages:
  - pb
- name: github.com/libp2p/go-libp2p-host
  version: 3a144e88cb78109859a56673fba16b4ecf100911
- name: github.com/libp2p/go-libp2p-interface-connmgr
  version: 98fc99ba761842156907db43045f546e8e6bba3d
- name: github.com/libp2p/go-libp2p-interface-pnet
  version: 86e6fc84b906599eac696308369896ece0ced63b
- name: github.com/libp2p/go-libp2p-loggables
  version: 58a5d94871458043fc0797727b24fc77a94f203b
- name: github.com/libp2p/go-libp2p-metrics
  version: 248d3d2b55aa5d50a6b2d50e4a8c02d5c05cdb2e
- name: github.com/libp2p/go-libp2p-nat
  version: 491e7233bd3877ec8dafbab465cf5ac70e32fced
- name: github.com/libp2p/go-libp2p-net
  version: 768042eff9184fcd5fb7fea7ecbd845f9e940e20
- name: github.com/libp2p/go-libp2p-peer
  version: 554a9b76b860b599d3ef0806a142fdd2c2e9a3d6
- name: github.com/libp2p/go-libp2p-peerstore
  version: 3a59fa1e0084b0ffefa9f386092efe408095f0d2
  subpackages:
  - addr
- name: github.com/libp2p/go-libp2p-protocol
  version: b29f3d97e3a2fb8b29c5d04290e6cb5c5018004b
- name: github.com/libp2p/go-libp2p-secio
  version: f559d0ac7708052c78755434f1f40beec315753c
  subpackages:
  - pb
- name: github.com/libp2p/go-libp2p-swarm
  version: a00fa8aa37a812f404bfa9b9d3dccc82a66029cf
- name: github.com/libp2p/go-libp2p-transport
  version: 867da4c7b138a8f9cc392feaed6d81fa68ba846a
- name: github.com/libp2p/go-libp2p-transport-upgrader
  version: e0a14ed8f3b645f13116a3ded747c1ab78a7db9d
- name: github.com/libp2p/go-maddr-filter
  version: 57fd7e2ed649ba28b4f2c7bcab3a606e7cc4b12c
- name: github.com/libp2p/go-msgio
  version: d82125c9907e1365775356505f14277d47dfd4d6
  subpackages:
  - mpool
- name: github.com/libp2p/go-reuseport
  version: 562c3ba3003e80c9829992a6c1a760d51eb0792b
  subpackages:
  - poll
  - singlepoll
- name: github.com/libp2p/go-reuseport-transport
  version: 90b3b0a82752ab21f0c7fc2921335eabb64077c5
- name: github.com/libp2p/go-sockaddr
  version: 3c898fbfff40e5933d76362819727708dae6da97
  subpackages:
  - net
- name: github.com/libp2p/go-stream-muxer
  version: 9c6bd93eecbbab56630bb2688bb435d9fd1dfeb1
- name: github.com/libp2p/go-tcp-transport
  version: fe589acfccf03c8ab406e7e26017e13b18566500
- name: github.com/libp2p/go-ws-transport
  version: c8089c5609a4af37e15af076d2daba66d126d850
- name: github.com/mattn/go-colorable
  version: efa589957cd060542a26d2dd7832fd6a6c6c3ade
- name: github.com/mattn/go-isatty
  version: 6ca4dbf54d38eea1a992b3c722a76a5d1c4cb25c
- name: github.com/minio/blake2b-simd
  version: 3f5f724cb5b182a5c278d6d3d55b40e7f8c2efb4
- name: github.com/minio/sha256-simd
  version: ad98a36ba0da87206e3378c556abbfeaeaa98668
- name: github.com/mr-tron/base58
  version: 4df4dc6e86a912614d09719d10cad427b087cbfb
  subpackages:
  - base58
- name: github.com/multiformats/go-multiaddr
  version: d6ad8896def6b8571037683cffd995e3a87b14fa
- name: github.com/multiformats/go-multiaddr-dns
  version: 78f39e8892d4f8c5c9f18679cc06d0b40ecab8cf
- name: github.com/multiformats/go-multiaddr-net
  version: cba4f9fea8613343eb7ecc4ddadd8e7298a00c39
- name: github.com/multiformats/go-multihash
  version: 8be2a682ab9f254311de1375145a2f78a809b07d
- name: github.com/multiformats/go-multistream
  version: 6a0f39827ad409edd3fcf50ada9a962b18d2058c
- name: github.com/opentracing/opentracing-go
  version: bd9c3193394760d98b2fa6ebb2291f0cd1d06a7d
  subpackages:
  - ext
  - log
- name: github.com/pkg/errors
  version: 645ef00459ed84a119197bfb8d8205042c6df63d
- name: github.com/spaolacci/murmur3
  version: f09979ecbc725b9e6d41a297405f65e7e8804acc
- name: github.com/stretchr/testify
  version: f35b8ab0b5a2cef36673838d662e249dd9c94686
  subpackages:
  - assert
  - mock
- name: github.com/syndtr/goleveldb
  version: ae2bd5eed72d46b28834ec3f60db3a3ebedd8dbd
  subpackages:
  - leveldb
  - leveldb/cache
  - leveldb/comparer
  - leveldb/errors
  - leveldb/filter
  - leveldb/iterator
  - leveldb/journal
  - leveldb/memdb
  - leveldb/opt
  - leveldb/storage
  - leveldb/table
  - leveldb/util
- name: github.com/whyrusleeping/go-logging
  version: 0457bb6b88fc1973573aaf6b5145d8d3ae972390
- name: github.com/whyrusleeping/go-multiplex
  version: 0cf3aebfba46b9267722f196b12146a7553da895
- name: github.com/whyrusleeping/go-notifier
  version: 097c5d47330ff6a823f67e3515faa13566a62c6f
- name: github.com/whyrusleeping/go-smux-multiplex
  version: cc30230b7c9a992ab1614cf9fb9bfc5f8244f907
- name: github.com/whyrusleeping/go-smux-multistream
  version: c707bf3c25fa380b20b54907790efde288775938
- name: github.com/whyrusleeping/go-smux-yamux
  version: eac25f3e2d47aae211e457e7664b52634c95eea8
- name: github.com/whyrusleeping/mafmt
  version: 1dc32401ee9fdd3f6cdb3405ec984d5dae877b2a
- name: github.com/whyrusleeping/multiaddr-filter
  version: e903e4adabd70b78bc9293b6ee4f359afb3f9f59
- name: github.com/whyrusleeping/yamux
  version: cb29a700b01dc3c2fdd743c00cf54685056bb62a
- name: golang.org/x/crypto
  version: 9419663f5a44be8b34ca85f08abc5fe1be11f8a3
  subpackages:
  - blake2s
  - blowfish
  - sha3
- name: golang.org/x/net
  version: d0887baf81f4598189d4e12a37c6da86f0bba4d0
  subpackages:
  - html
  - html/atom
  - html/charset
- name: golang.org/x/sys
  version: ac767d655b305d4e9612f5f6e33120b9176c4ad4
  subpackages:
  - unix
  - windows
- name: golang.org/x/text
  version: 0605a8320aceb4207a5fb3521281e17ec2075476
  subpackages:
  - encoding
  - encoding/charmap
  - encoding/htmlindex
  - encoding/internal
  - encoding/internal/identifier
  - encoding/japanese
  - encoding/korean
  - encoding/simplifiedchinese
  - encoding/traditionalchinese
  - encoding/unicode
  - internal/language
  - internal/language/compact
  - internal/tag
  - internal/utf8internal
  - language
  - runes
  - transform
testImports:
- name: github.com/pmezard/go-difflib
  version: 792786c7400a136282c1664665ae0a8db921c6c2
  subpackages:
  - difflib
- name: github.com/stretchr/objx
  version: b8b73a35e9830ae509858c10dec5866b4d5c8bff
